
Microsoft Visual Studio Solution File, Format Version 11.00
# Visual Studio 2010
Project("{FAE04EC0-301F-11D3-BF4B-00C04F79EFBC}") = "Application1", "Application1\Application1.csproj", "{FCB7B478-E6D5-4931-9B2C-C5B5836DCAF2}"
EndProject
Global
	GlobalSection(SolutionConfigurationPlatforms) = preSolution
		Debug|x86 = Debug|x86
		Release|x86 = Release|x86
	EndGlobalSection
	GlobalSection(ProjectConfigurationPlatforms) = postSolution
		{FCB7B478-E6D5-4931-9B2C-C5B5836DCAF2}.Debug|x86.ActiveCfg = Debug|x86
		{FCB7B478-E6D5-4931-9B2C-C5B5836DCAF2}.Debug|x86.Build.0 = Debug|x86
		{FCB7B478-E6D5-4931-9B2C-C5B5836DCAF2}.Release|x86.ActiveCfg = Release|x86
		{FCB7B478-E6D5-4931-9B2C-C5B5836DCAF2}.Release|x86.Build.0 = Release|x86
	EndGlobalSection
	GlobalSection(SolutionProperties) = preSolution
		HideSolutionNode = FALSE
	EndGlobalSection
EndGlobal
